
Microsoft Visual Studio Solution File, Format Version 12.00
# Visual Studio Version 16
VisualStudioVersion = 16.0.30523.141
MinimumVisualStudioVersion = 10.0.40219.1
Project("{9A19103F-16F7-4668-BE54-9A1E7A4F7556}") = "Api", "Api\Api.csproj", "{7BF8B694-5C92-4158-A765-152E4DE54A64}"
EndProject
Project("{9A19103F-16F7-4668-BE54-9A1E7A4F7556}") = "Model", "Model\Model.csproj", "{C0943E1E-F49B-441A-94D7-AE6F580292E1}"
EndProject
Project("{00D1A9C2-B5F0-4AF3-8072-F6C62B433612}") = "EvolutionDb", "EvolutionDb\EvolutionDb.sqlproj", "{4344BD1D-1526-4D71-8FF3-EAD2CCB7C6DA}"
EndProject
Global
	GlobalSection(SolutionConfigurationPlatforms) = preSolution
		Debug|Any CPU = Debug|Any CPU
		Release|Any CPU = Release|Any CPU
	EndGlobalSection
	GlobalSection(ProjectConfigurationPlatforms) = postSolution
		{7BF8B694-5C92-4158-A765-152E4DE54A64}.Debug|Any CPU.ActiveCfg = Debug|Any CPU
		{7BF8B694-5C92-4158-A765-152E4DE54A64}.Debug|Any CPU.Build.0 = Debug|Any CPU
		{7BF8B694-5C92-4158-A765-152E4DE54A64}.Release|Any CPU.ActiveCfg = Release|Any CPU
		{7BF8B694-5C92-4158-A765-152E4DE54A64}.Release|Any CPU.Build.0 = Release|Any CPU
		{C0943E1E-F49B-441A-94D7-AE6F580292E1}.Debug|Any CPU.ActiveCfg = Debug|Any CPU
		{C0943E1E-F49B-441A-94D7-AE6F580292E1}.Debug|Any CPU.Build.0 = Debug|Any CPU
		{C0943E1E-F49B-441A-94D7-AE6F580292E1}.Release|Any CPU.ActiveCfg = Release|Any CPU
		{C0943E1E-F49B-441A-94D7-AE6F580292E1}.Release|Any CPU.Build.0 = Release|Any CPU
		{4344BD1D-1526-4D71-8FF3-EAD2CCB7C6DA}.Debug|Any CPU.ActiveCfg = Debug|Any CPU
		{4344BD1D-1526-4D71-8FF3-EAD2CCB7C6DA}.Debug|Any CPU.Build.0 = Debug|Any CPU
		{4344BD1D-1526-4D71-8FF3-EAD2CCB7C6DA}.Debug|Any CPU.Deploy.0 = Debug|Any CPU
		{4344BD1D-1526-4D71-8FF3-EAD2CCB7C6DA}.Release|Any CPU.ActiveCfg = Release|Any CPU
		{4344BD1D-1526-4D71-8FF3-EAD2CCB7C6DA}.Release|Any CPU.Build.0 = Release|Any CPU
		{4344BD1D-1526-4D71-8FF3-EAD2CCB7C6DA}.Release|Any CPU.Deploy.0 = Release|Any CPU
	EndGlobalSection
	GlobalSection(SolutionProperties) = preSolution
		HideSolutionNode = FALSE
	EndGlobalSection
	GlobalSection(ExtensibilityGlobals) = postSolution
		SolutionGuid = {3AA0F321-4FEF-4509-931B-B51C7EEFA04A}
	EndGlobalSection
EndGlobal
